
Microsoft Visual Studio Solution File, Format Version 12.00
# Visual Studio Version 16
VisualStudioVersion = 16.0.32106.194
MinimumVisualStudioVersion = 10.0.40219.1
Project("{FAE04EC0-301F-11D3-BF4B-00C04F79EFBC}") = "ViewData_ViewBag_TempData_Session", "ViewData_ViewBag_TempData_Session\ViewData_ViewBag_TempData_Session.csproj", "{A8FADA38-79CD-40E5-9F7F-32E0F2B561EB}"
EndProject
Global
	GlobalSection(SolutionConfigurationPlatforms) = preSolution
		Debug|Any CPU = Debug|Any CPU
		Release|Any CPU = Release|Any CPU
	EndGlobalSection
	GlobalSection(ProjectConfigurationPlatforms) = postSolution
		{A8FADA38-79CD-40E5-9F7F-32E0F2B561EB}.Debug|Any CPU.ActiveCfg = Debug|Any CPU
		{A8FADA38-79CD-40E5-9F7F-32E0F2B561EB}.Debug|Any CPU.Build.0 = Debug|Any CPU
		{A8FADA38-79CD-40E5-9F7F-32E0F2B561EB}.Release|Any CPU.ActiveCfg = Release|Any CPU
		{A8FADA38-79CD-40E5-9F7F-32E0F2B561EB}.Release|Any CPU.Build.0 = Release|Any CPU
	EndGlobalSection
	GlobalSection(SolutionProperties) = preSolution
		HideSolutionNode = FALSE
	EndGlobalSection
	GlobalSection(ExtensibilityGlobals) = postSolution
		SolutionGuid = {189BC70D-95D0-43C8-82B5-01BB0582BDCA}
	EndGlobalSection
EndGlobal
